
Microsoft Visual Studio Solution File, Format Version 12.00
# Visual Studio Version 17
VisualStudioVersion = 17.9.34622.214
MinimumVisualStudioVersion = 10.0.40219.1
Project("{FAE04EC0-301F-11D3-BF4B-00C04F79EFBC}") = "API_HR_Management", "API_HR_Management\API_HR_Management.csproj", "{8AB59680-9B34-4A7B-9FF2-A19571EB6F41}"
EndProject
Global
	GlobalSection(SolutionConfigurationPlatforms) = preSolution
		Debug|Any CPU = Debug|Any CPU
		Release|Any CPU = Release|Any CPU
	EndGlobalSection
	GlobalSection(ProjectConfigurationPlatforms) = postSolution
		{8AB59680-9B34-4A7B-9FF2-A19571EB6F41}.Debug|Any CPU.ActiveCfg = Debug|Any CPU
		{8AB59680-9B34-4A7B-9FF2-A19571EB6F41}.Debug|Any CPU.Build.0 = Debug|Any CPU
		{8AB59680-9B34-4A7B-9FF2-A19571EB6F41}.Release|Any CPU.ActiveCfg = Release|Any CPU
		{8AB59680-9B34-4A7B-9FF2-A19571EB6F41}.Release|Any CPU.Build.0 = Release|Any CPU
	EndGlobalSection
	GlobalSection(SolutionProperties) = preSolution
		HideSolutionNode = FALSE
	EndGlobalSection
	GlobalSection(ExtensibilityGlobals) = postSolution
		SolutionGuid = {0AA885DB-E5ED-45E0-A504-C67E1DE0A96B}
	EndGlobalSection
EndGlobal
